// !$*UTF8*$!
{
	archiveVersion = 1;
	classes = {
	};
	objectVersion = 55;
	objects = {

/* Begin PBXBuildFile section */
		0DC7F9FD2C83B9370087BF0C /* AppDelegate.swift in Sources */ = {isa = PBXBuildFile; fileRef = 0DC7F9FC2C83B9370087BF0C /* AppDelegate.swift */; };
		0DC7F9FF2C83B9370087BF0C /* SceneDelegate.swift in Sources */ = {isa = PBXBuildFile; fileRef = 0DC7F9FE2C83B9370087BF0C /* SceneDelegate.swift */; };
		0DC7FA012C83B9370087BF0C /* ViewController.swift in Sources */ = {isa = PBXBuildFile; fileRef = 0DC7FA002C83B9370087BF0C /* ViewController.swift */; };
		0DC7FA042C83B9370087BF0C /* Base in Resources */ = {isa = PBXBuildFile; fileRef = 0DC7FA032C83B9370087BF0C /* Base */; };
		0DC7FA062C83B9380087BF0C /* Assets.xcassets in Resources */ = {isa = PBXBuildFile; fileRef = 0DC7FA052C83B9380087BF0C /* Assets.xcassets */; };
		0DC7FA092C83B9380087BF0C /* Base in Resources */ = {isa = PBXBuildFile; fileRef = 0DC7FA082C83B9380087BF0C /* Base */; };
		0DC7FA142C83C1900087BF0C /* MenuModel.swift in Sources */ = {isa = PBXBuildFile; fileRef = 0DC7FA132C83C1900087BF0C /* MenuModel.swift */; };
		0DC7FA172C83C5740087BF0C /* MenuDataSource.swift in Sources */ = {isa = PBXBuildFile; fileRef = 0DC7FA162C83C5740087BF0C /* MenuDataSource.swift */; };
		0DC7FA192C83C99C0087BF0C /* MenuController.swift in Sources */ = {isa = PBXBuildFile; fileRef = 0DC7FA182C83C99C0087BF0C /* MenuController.swift */; };
		0DC7FA1D2C83D0720087BF0C /* MenuCollectionViewCell.swift in Sources */ = {isa = PBXBuildFile; fileRef = 0DC7FA1B2C83D0720087BF0C /* MenuCollectionViewCell.swift */; };
		0DC7FA1E2C83D0720087BF0C /* MenuCollectionViewCell.xib in Resources */ = {isa = PBXBuildFile; fileRef = 0DC7FA1C2C83D0720087BF0C /* MenuCollectionViewCell.xib */; };
/* End PBXBuildFile section */

/* Begin PBXFileReference section */
		0DC7F9F92C83B9370087BF0C /* CollectionViewDiffableDataSource1.app */ = {isa = PBXFileReference; explicitFileType = wrapper.application; includeInIndex = 0; path = CollectionViewDiffableDataSource1.app; sourceTree = BUILT_PRODUCTS_DIR; };
		0DC7F9FC2C83B9370087BF0C /* AppDelegate.swift */ = {isa = PBXFileReference; lastKnownFileType = sourcecode.swift; path = AppDelegate.swift; sourceTree = "<group>"; };
		0DC7F9FE2C83B9370087BF0C /* SceneDelegate.swift */ = {isa = PBXFileReference; lastKnownFileType = sourcecode.swift; path = SceneDelegate.swift; sourceTree = "<group>"; };
		0DC7FA002C83B9370087BF0C /* ViewController.swift */ = {isa = PBXFileReference; lastKnownFileType = sourcecode.swift; path = ViewController.swift; sourceTree = "<group>"; };
		0DC7FA032C83B9370087BF0C /* Base */ = {isa = PBXFileReference; lastKnownFileType = file.storyboard; name = Base; path = Base.lproj/Main.storyboard; sourceTree = "<group>"; };
		0DC7FA052C83B9380087BF0C /* Assets.xcassets */ = {isa = PBXFileReference; lastKnownFileType = folder.assetcatalog; path = Assets.xcassets; sourceTree = "<group>"; };
		0DC7FA082C83B9380087BF0C /* Base */ = {isa = PBXFileReference; lastKnownFileType = file.storyboard; name = Base; path = Base.lproj/LaunchScreen.storyboard; sourceTree = "<group>"; };
		0DC7FA0A2C83B9380087BF0C /* Info.plist */ = {isa = PBXFileReference; lastKnownFileType = text.plist.xml; path = Info.plist; sourceTree = "<group>"; };
		0DC7FA132C83C1900087BF0C /* MenuModel.swift */ = {isa = PBXFileReference; lastKnownFileType = sourcecode.swift; path = MenuModel.swift; sourceTree = "<group>"; };
		0DC7FA162C83C5740087BF0C /* MenuDataSource.swift */ = {isa = PBXFileReference; lastKnownFileType = sourcecode.swift; path = MenuDataSource.swift; sourceTree = "<group>"; };
		0DC7FA182C83C99C0087BF0C /* MenuController.swift */ = {isa = PBXFileReference; lastKnownFileType = sourcecode.swift; path = MenuController.swift; sourceTree = "<group>"; };
		0DC7FA1B2C83D0720087BF0C /* MenuCollectionViewCell.swift */ = {isa = PBXFileReference; lastKnownFileType = sourcecode.swift; path = MenuCollectionViewCell.swift; sourceTree = "<group>"; };
		0DC7FA1C2C83D0720087BF0C /* MenuCollectionViewCell.xib */ = {isa = PBXFileReference; lastKnownFileType = file.xib; path = MenuCollectionViewCell.xib; sourceTree = "<group>"; };
/* End PBXFileReference section */

/* Begin PBXFrameworksBuildPhase section */
		0DC7F9F62C83B9370087BF0C /* Frameworks */ = {
			isa = PBXFrameworksBuildPhase;
			buildActionMask = 2147483647;
			files = (
			);
			runOnlyForDeploymentPostprocessing = 0;
		};
/* End PBXFrameworksBuildPhase section */

/* Begin PBXGroup section */
		0DC7F9F02C83B9370087BF0C = {
			isa = PBXGroup;
			children = (
				0DC7F9FB2C83B9370087BF0C /* CollectionViewDiffableDataSource1 */,
				0DC7F9FA2C83B9370087BF0C /* Products */,
			);
			sourceTree = "<group>";
		};
		0DC7F9FA2C83B9370087BF0C /* Products */ = {
			isa = PBXGroup;
			children = (
				0DC7F9F92C83B9370087BF0C /* CollectionViewDiffableDataSource1.app */,
			);
			name = Products;
			sourceTree = "<group>";
		};
		0DC7F9FB2C83B9370087BF0C /* CollectionViewDiffableDataSource1 */ = {
			isa = PBXGroup;
			children = (
				0DC7FA152C83C4D60087BF0C /* DataSource */,
				0DC7FA112C83BB400087BF0C /* Modem */,
				0DC7FA102C83BB370087BF0C /* Views */,
				0DC7FA122C83BB4E0087BF0C /* Controllers */,
				0DC7F9FC2C83B9370087BF0C /* AppDelegate.swift */,
				0DC7F9FE2C83B9370087BF0C /* SceneDelegate.swift */,
				0DC7FA052C83B9380087BF0C /* Assets.xcassets */,
				0DC7FA072C83B9380087BF0C /* LaunchScreen.storyboard */,
				0DC7FA0A2C83B9380087BF0C /* Info.plist */,
			);
			path = CollectionViewDiffableDataSource1;
			sourceTree = "<group>";
		};
		0DC7FA102C83BB370087BF0C /* Views */ = {
			isa = PBXGroup;
			children = (
				0DC7FA1A2C83D0070087BF0C /* Cells */,
				0DC7FA022C83B9370087BF0C /* Main.storyboard */,
				0DC7FA002C83B9370087BF0C /* ViewController.swift */,
			);
			path = Views;
			sourceTree = "<group>";
		};
		0DC7FA112C83BB400087BF0C /* Modem */ = {
			isa = PBXGroup;
			children = (
				0DC7FA132C83C1900087BF0C /* MenuModel.swift */,
			);
			path = Modem;
			sourceTree = "<group>";
		};
		0DC7FA122C83BB4E0087BF0C /* Controllers */ = {
			isa = PBXGroup;
			children = (
				0DC7FA182C83C99C0087BF0C /* MenuController.swift */,
			);
			path = Controllers;
			sourceTree = "<group>";
		};
		0DC7FA152C83C4D60087BF0C /* DataSource */ = {
			isa = PBXGroup;
			children = (
				0DC7FA162C83C5740087BF0C /* MenuDataSource.swift */,
			);
			path = DataSource;
			sourceTree = "<group>";
		};
		0DC7FA1A2C83D0070087BF0C /* Cells */ = {
			isa = PBXGroup;
			children = (
				0DC7FA1B2C83D0720087BF0C /* MenuCollectionViewCell.swift */,
				0DC7FA1C2C83D0720087BF0C /* MenuCollectionViewCell.xib */,
			);
			path = Cells;
			sourceTree = "<group>";
		};
/* End PBXGroup section */

/* Begin PBXNativeTarget section */
		0DC7F9F82C83B9370087BF0C /* CollectionViewDiffableDataSource1 */ = {
			isa = PBXNativeTarget;
			buildConfigurationList = 0DC7FA0D2C83B9380087BF0C /* Build configuration list for PBXNativeTarget "CollectionViewDiffableDataSource1" */;
			buildPhases = (
				0DC7F9F52C83B9370087BF0C /* Sources */,
				0DC7F9F62C83B9370087BF0C /* Frameworks */,
				0DC7F9F72C83B9370087BF0C /* Resources */,
			);
			buildRules = (
			);
			dependencies = (
			);
			name = CollectionViewDiffableDataSource1;
			productName = CollectionViewDiffableDataSource1;
			productReference = 0DC7F9F92C83B9370087BF0C /* CollectionViewDiffableDataSource1.app */;
			productType = "com.apple.product-type.application";
		};
/* End PBXNativeTarget section */

/* Begin PBXProject section */
		0DC7F9F12C83B9370087BF0C /* Project object */ = {
			isa = PBXProject;
			attributes = {
				BuildIndependentTargetsInParallel = 1;
				LastSwiftUpdateCheck = 1540;
				LastUpgradeCheck = 1540;
				TargetAttributes = {
					0DC7F9F82C83B9370087BF0C = {
						CreatedOnToolsVersion = 15.4;
					};
				};
			};
			buildConfigurationList = 0DC7F9F42C83B9370087BF0C /* Build configuration list for PBXProject "CollectionViewDiffableDataSource1" */;
			compatibilityVersion = "Xcode 13.0";
			developmentRegion = en;
			hasScannedForEncodings = 0;
			knownRegions = (
				en,
				Base,
			);
			mainGroup = 0DC7F9F02C83B9370087BF0C;
			productRefGroup = 0DC7F9FA2C83B9370087BF0C /* Products */;
			projectDirPath = "";
			projectRoot = "";
			targets = (
				0DC7F9F82C83B9370087BF0C /* CollectionViewDiffableDataSource1 */,
			);
		};
/* End PBXProject section */

/* Begin PBXResourcesBuildPhase section */
		0DC7F9F72C83B9370087BF0C /* Resources */ = {
			isa = PBXResourcesBuildPhase;
			buildActionMask = 2147483647;
			files = (
				0DC7FA062C83B9380087BF0C /* Assets.xcassets in Resources */,
				0DC7FA092C83B9380087BF0C /* Base in Resources */,
				0DC7FA042C83B9370087BF0C /* Base in Resources */,
				0DC7FA1E2C83D0720087BF0C /* MenuCollectionViewCell.xib in Resources */,
			);
			runOnlyForDeploymentPostprocessing = 0;
		};
/* End PBXResourcesBuildPhase section */

/* Begin PBXSourcesBuildPhase section */
		0DC7F9F52C83B9370087BF0C /* Sources */ = {
			isa = PBXSourcesBuildPhase;
			buildActionMask = 2147483647;
			files = (
				0DC7FA142C83C1900087BF0C /* MenuModel.swift in Sources */,
				0DC7FA1D2C83D0720087BF0C /* MenuCollectionViewCell.swift in Sources */,
				0DC7FA172C83C5740087BF0C /* MenuDataSource.swift in Sources */,
				0DC7FA012C83B9370087BF0C /* ViewController.swift in Sources */,
				0DC7F9FD2C83B9370087BF0C /* AppDelegate.swift in Sources */,
				0DC7FA192C83C99C0087BF0C /* MenuController.swift in Sources */,
				0DC7F9FF2C83B9370087BF0C /* SceneDelegate.swift in Sources */,
			);
			runOnlyForDeploymentPostprocessing = 0;
		};
/* End PBXSourcesBuildPhase section */

/* Begin PBXVariantGroup section */
		0DC7FA022C83B9370087BF0C /* Main.storyboard */ = {
			isa = PBXVariantGroup;
			children = (
				0DC7FA032C83B9370087BF0C /* Base */,
			);
			name = Main.storyboard;
			sourceTree = "<group>";
		};
		0DC7FA072C83B9380087BF0C /* LaunchScreen.storyboard */ = {
			isa = PBXVariantGroup;
			children = (
				0DC7FA082C83B9380087BF0C /* Base */,
			);
			name = LaunchScreen.storyboard;
			sourceTree = "<group>";
		};
/* End PBXVariantGroup section */

/* Begin XCBuildConfiguration section */
		0DC7FA0B2C83B9380087BF0C /* Debug */ = {
			isa = XCBuildConfiguration;
			buildSettings = {
				ALWAYS_SEARCH_USER_PATHS = NO;
				ASSETCATALOG_COMPILER_GENERATE_SWIFT_ASSET_SYMBOL_EXTENSIONS = YES;
				CLANG_ANALYZER_NONNULL = YES;
				CLANG_ANALYZER_NUMBER_OBJECT_CONVERSION = YES_AGGRESSIVE;
				CLANG_CXX_LANGUAGE_STANDARD = "gnu++20";
				CLANG_ENABLE_MODULES = YES;
				CLANG_ENABLE_OBJC_ARC = YES;
				CLANG_ENABLE_OBJC_WEAK = YES;
				CLANG_WARN_BLOCK_CAPTURE_AUTORELEASING = YES;
				CLANG_WARN_BOOL_CONVERSION = YES;
				CLANG_WARN_COMMA = YES;
				CLANG_WARN_CONSTANT_CONVERSION = YES;
				CLANG_WARN_DEPRECATED_OBJC_IMPLEMENTATIONS = YES;
				CLANG_WARN_DIRECT_OBJC_ISA_USAGE = YES_ERROR;
				CLANG_WARN_DOCUMENTATION_COMMENTS = YES;
				CLANG_WARN_EMPTY_BODY = YES;
				CLANG_WARN_ENUM_CONVERSION = YES;
				CLANG_WARN_INFINITE_RECURSION = YES;
				CLANG_WARN_INT_CONVERSION = YES;
				CLANG_WARN_NON_LITERAL_NULL_CONVERSION = YES;
				CLANG_WARN_OBJC_IMPLICIT_RETAIN_SELF = YES;
				CLANG_WARN_OBJC_LITERAL_CONVERSION = YES;
				CLANG_WARN_OBJC_ROOT_CLASS = YES_ERROR;
				CLANG_WARN_QUOTED_INCLUDE_IN_FRAMEWORK_HEADER = YES;
				CLANG_WARN_RANGE_LOOP_ANALYSIS = YES;
				CLANG_WARN_STRICT_PROTOTYPES = YES;
				CLANG_WARN_SUSPICIOUS_MOVE = YES;
				CLANG_WARN_UNGUARDED_AVAILABILITY = YES_AGGRESSIVE;
				CLANG_WARN_UNREACHABLE_CODE = YES;
				CLANG_WARN__DUPLICATE_METHOD_MATCH = YES;
				COPY_PHASE_STRIP = NO;
				DEBUG_INFORMATION_FORMAT = dwarf;
				ENABLE_STRICT_OBJC_MSGSEND = YES;
				ENABLE_TESTABILITY = YES;
				ENABLE_USER_SCRIPT_SANDBOXING = YES;
				GCC_C_LANGUAGE_STANDARD = gnu17;
				GCC_DYNAMIC_NO_PIC = NO;
				GCC_NO_COMMON_BLOCKS = YES;
				GCC_OPTIMIZATION_LEVEL = 0;
				GCC_PREPROCESSOR_DEFINITIONS = (
					"DEBUG=1",
					"$(inherited)",
				);
				GCC_WARN_64_TO_32_BIT_CONVERSION = YES;
				GCC_WARN_ABOUT_RETURN_TYPE = YES_ERROR;
				GCC_WARN_UNDECLARED_SELECTOR = YES;
				GCC_WARN_UNINITIALIZED_AUTOS = YES_AGGRESSIVE;
				GCC_WARN_UNUSED_FUNCTION = YES;
				GCC_WARN_UNUSED_VARIABLE = YES;
				IPHONEOS_DEPLOYMENT_TARGET = 17.5;
				LOCALIZATION_PREFERS_STRING_CATALOGS = YES;
				MTL_ENABLE_DEBUG_INFO = INCLUDE_SOURCE;
				MTL_FAST_MATH = YES;
				ONLY_ACTIVE_ARCH = YES;
				SDKROOT = iphoneos;
				SWIFT_ACTIVE_COMPILATION_CONDITIONS = "DEBUG $(inherited)";
				SWIFT_OPTIMIZATION_LEVEL = "-Onone";
			};
			name = Debug;
		};
		0DC7FA0C2C83B9380087BF0C /* Release */ = {
			isa = XCBuildConfiguration;
			buildSettings = {
				ALWAYS_SEARCH_USER_PATHS = NO;
				ASSETCATALOG_COMPILER_GENERATE_SWIFT_ASSET_SYMBOL_EXTENSIONS = YES;
				CLANG_ANALYZER_NONNULL = YES;
				CLANG_ANALYZER_NUMBER_OBJECT_CONVERSION = YES_AGGRESSIVE;
				CLANG_CXX_LANGUAGE_STANDARD = "gnu++20";
				CLANG_ENABLE_MODULES = YES;
				CLANG_ENABLE_OBJC_ARC = YES;
				CLANG_ENABLE_OBJC_WEAK = YES;
				CLANG_WARN_BLOCK_CAPTURE_AUTORELEASING = YES;
				CLANG_WARN_BOOL_CONVERSION = YES;
				CLANG_WARN_COMMA = YES;
				CLANG_WARN_CONSTANT_CONVERSION = YES;
				CLANG_WARN_DEPRECATED_OBJC_IMPLEMENTATIONS = YES;
				CLANG_WARN_DIRECT_OBJC_ISA_USAGE = YES_ERROR;
				CLANG_WARN_DOCUMENTATION_COMMENTS = YES;
				CLANG_WARN_EMPTY_BODY = YES;
				CLANG_WARN_ENUM_CONVERSION = YES;
				CLANG_WARN_INFINITE_RECURSION = YES;
				CLANG_WARN_INT_CONVERSION = YES;
				CLANG_WARN_NON_LITERAL_NULL_CONVERSION = YES;
				CLANG_WARN_OBJC_IMPLICIT_RETAIN_SELF = YES;
				CLANG_WARN_OBJC_LITERAL_CONVERSION = YES;
				CLANG_WARN_OBJC_ROOT_CLASS = YES_ERROR;
				CLANG_WARN_QUOTED_INCLUDE_IN_FRAMEWORK_HEADER = YES;
				CLANG_WARN_RANGE_LOOP_ANALYSIS = YES;
				CLANG_WARN_STRICT_PROTOTYPES = YES;
				CLANG_WARN_SUSPICIOUS_MOVE = YES;
				CLANG_WARN_UNGUARDED_AVAILABILITY = YES_AGGRESSIVE;
				CLANG_WARN_UNREACHABLE_CODE = YES;
				CLANG_WARN__DUPLICATE_METHOD_MATCH = YES;
				COPY_PHASE_STRIP = NO;
				DEBUG_INFORMATION_FORMAT = "dwarf-with-dsym";
				ENABLE_NS_ASSERTIONS = NO;
				ENABLE_STRICT_OBJC_MSGSEND = YES;
				ENABLE_USER_SCRIPT_SANDBOXING = YES;
				GCC_C_LANGUAGE_STANDARD = gnu17;
				GCC_NO_COMMON_BLOCKS = YES;
				GCC_WARN_64_TO_32_BIT_CONVERSION = YES;
				GCC_WARN_ABOUT_RETURN_TYPE = YES_ERROR;
				GCC_WARN_UNDECLARED_SELECTOR = YES;
				GCC_WARN_UNINITIALIZED_AUTOS = YES_AGGRESSIVE;
				GCC_WARN_UNUSED_FUNCTION = YES;
				GCC_WARN_UNUSED_VARIABLE = YES;
				IPHONEOS_DEPLOYMENT_TARGET = 17.5;
				LOCALIZATION_PREFERS_STRING_CATALOGS = YES;
				MTL_ENABLE_DEBUG_INFO = NO;
				MTL_FAST_MATH = YES;
				SDKROOT = iphoneos;
				SWIFT_COMPILATION_MODE = wholemodule;
				VALIDATE_PRODUCT = YES;
			};
			name = Release;
		};
		0DC7FA0E2C83B9380087BF0C /* Debug */ = {
			isa = XCBuildConfiguration;
			buildSettings = {
				ASSETCATALOG_COMPILER_APPICON_NAME = AppIcon;
				ASSETCATALOG_COMPILER_GLOBAL_ACCENT_COLOR_NAME = AccentColor;
				CODE_SIGN_STYLE = Automatic;
				CURRENT_PROJECT_VERSION = 1;
				GENERATE_INFOPLIST_FILE = YES;
				INFOPLIST_FILE = CollectionViewDiffableDataSource1/Info.plist;
				INFOPLIST_KEY_UIApplicationSupportsIndirectInputEvents = YES;
				INFOPLIST_KEY_UILaunchStoryboardName = LaunchScreen;
				INFOPLIST_KEY_UIMainStoryboardFile = Main;
				INFOPLIST_KEY_UISupportedInterfaceOrientations_iPad = "UIInterfaceOrientationPortrait UIInterfaceOrientationPortraitUpsideDown UIInterfaceOrientationLandscapeLeft UIInterfaceOrientationLandscapeRight";
				INFOPLIST_KEY_UISupportedInterfaceOrientations_iPhone = "UIInterfaceOrientationPortrait UIInterfaceOrientationLandscapeLeft UIInterfaceOrientationLandscapeRight";
				LD_RUNPATH_SEARCH_PATHS = (
					"$(inherited)",
					"@executable_path/Frameworks",
				);
				MARKETING_VERSION = 1.0;
				PRODUCT_BUNDLE_IDENTIFIER = com.demo.app.CollectionViewDiffableDataSource1;
				PRODUCT_NAME = "$(TARGET_NAME)";
				SWIFT_EMIT_LOC_STRINGS = YES;
				SWIFT_VERSION = 5.0;
				TARGETED_DEVICE_FAMILY = "1,2";
			};
			name = Debug;
		};
		0DC7FA0F2C83B9380087BF0C /* Release */ = {
			isa = XCBuildConfiguration;
			buildSettings = {
				ASSETCATALOG_COMPILER_APPICON_NAME = AppIcon;
				ASSETCATALOG_COMPILER_GLOBAL_ACCENT_COLOR_NAME = AccentColor;
				CODE_SIGN_STYLE = Automatic;
				CURRENT_PROJECT_VERSION = 1;
				GENERATE_INFOPLIST_FILE = YES;
				INFOPLIST_FILE = CollectionViewDiffableDataSource1/Info.plist;
				INFOPLIST_KEY_UIApplicationSupportsIndirectInputEvents = YES;
				INFOPLIST_KEY_UILaunchStoryboardName = LaunchScreen;
				INFOPLIST_KEY_UIMainStoryboardFile = Main;
				INFOPLIST_KEY_UISupportedInterfaceOrientations_iPad = "UIInterfaceOrientationPortrait UIInterfaceOrientationPortraitUpsideDown UIInterfaceOrientationLandscapeLeft UIInterfaceOrientationLandscapeRight";
				INFOPLIST_KEY_UISupportedInterfaceOrientations_iPhone = "UIInterfaceOrientationPortrait UIInterfaceOrientationLandscapeLeft UIInterfaceOrientationLandscapeRight";
				LD_RUNPATH_SEARCH_PATHS = (
					"$(inherited)",
					"@executable_path/Frameworks",
				);
				MARKETING_VERSION = 1.0;
				PRODUCT_BUNDLE_IDENTIFIER = com.demo.app.CollectionViewDiffableDataSource1;
				PRODUCT_NAME = "$(TARGET_NAME)";
				SWIFT_EMIT_LOC_STRINGS = YES;
				SWIFT_VERSION = 5.0;
				TARGETED_DEVICE_FAMILY = "1,2";
			};
			name = Release;
		};
/* End XCBuildConfiguration section */

/* Begin XCConfigurationList section */
		0DC7F9F42C83B9370087BF0C /* Build configuration list for PBXProject "CollectionViewDiffableDataSource1" */ = {
			isa = XCConfigurationList;
			buildConfigurations = (
				0DC7FA0B2C83B9380087BF0C /* Debug */,
				0DC7FA0C2C83B9380087BF0C /* Release */,
			);
			defaultConfigurationIsVisible = 0;
			defaultConfigurationName = Release;
		};
		0DC7FA0D2C83B9380087BF0C /* Build configuration list for PBXNativeTarget "CollectionViewDiffableDataSource1" */ = {
			isa = XCConfigurationList;
			buildConfigurations = (
				0DC7FA0E2C83B9380087BF0C /* Debug */,
				0DC7FA0F2C83B9380087BF0C /* Release */,
			);
			defaultConfigurationIsVisible = 0;
			defaultConfigurationName = Release;
		};
/* End XCConfigurationList section */
	};
	rootObject = 0DC7F9F12C83B9370087BF0C /* Project object */;
}
